
Microsoft Visual Studio Solution File, Format Version 12.00
# Visual Studio Version 17
VisualStudioVersion = 17.11.35222.181
MinimumVisualStudioVersion = 10.0.40219.1
Project("{FAE04EC0-301F-11D3-BF4B-00C04F79EFBC}") = "AppLibreria_CaruajulcaTiglla", "AppLibreria_CaruajulcaTiglla\AppLibreria_CaruajulcaTiglla.csproj", "{ACC8D410-F9DC-4853-AE94-35E552FCDF45}"
EndProject
Global
	GlobalSection(SolutionConfigurationPlatforms) = preSolution
		Debug|Any CPU = Debug|Any CPU
		Release|Any CPU = Release|Any CPU
	EndGlobalSection
	GlobalSection(ProjectConfigurationPlatforms) = postSolution
		{ACC8D410-F9DC-4853-AE94-35E552FCDF45}.Debug|Any CPU.ActiveCfg = Debug|Any CPU
		{ACC8D410-F9DC-4853-AE94-35E552FCDF45}.Debug|Any CPU.Build.0 = Debug|Any CPU
		{ACC8D410-F9DC-4853-AE94-35E552FCDF45}.Release|Any CPU.ActiveCfg = Release|Any CPU
		{ACC8D410-F9DC-4853-AE94-35E552FCDF45}.Release|Any CPU.Build.0 = Release|Any CPU
	EndGlobalSection
	GlobalSection(SolutionProperties) = preSolution
		HideSolutionNode = FALSE
	EndGlobalSection
	GlobalSection(ExtensibilityGlobals) = postSolution
		SolutionGuid = {80B294EB-9DFA-4AFF-BE41-15E896ECE0E1}
	EndGlobalSection
EndGlobal
